// !$*UTF8*$!
{
	archiveVersion = 1;
	classes = {
	};
	objectVersion = 46;
	objects = {

/* Begin PBXFileReference section */
		B46FAC56143C49FA0009A893 /* CalculatorBrain.h */ = {isa = PBXFileReference; lastKnownFileType = sourcecode.c.h; path = CalculatorBrain.h; sourceTree = "<group>"; };
		B46FAC57143C49FA0009A893 /* CalculatorBrain.m */ = {isa = PBXFileReference; lastKnownFileType = sourcecode.c.objc; path = CalculatorBrain.m; sourceTree = "<group>"; };
		B46FAC58143C4AD70009A893 /* CalculatorViewController.h */ = {isa = PBXFileReference; lastKnownFileType = sourcecode.c.h; path = CalculatorViewController.h; sourceTree = "<group>"; };
		B46FAC59143C4AD70009A893 /* CalculatorViewController.m */ = {isa = PBXFileReference; lastKnownFileType = sourcecode.c.objc; path = CalculatorViewController.m; sourceTree = "<group>"; };
		B46FAC5B143C4C980009A893 /* CalculatorViewController.xib */ = {isa = PBXFileReference; lastKnownFileType = file.xib; path = CalculatorViewController.xib; sourceTree = "<group>"; };
/* End PBXFileReference section */

/* Begin PBXGroup section */
		B46FAC4D143C49990009A893 = {
			isa = PBXGroup;
			children = (
				B46FAC5B143C4C980009A893 /* CalculatorViewController.xib */,
				B46FAC56143C49FA0009A893 /* CalculatorBrain.h */,
				B46FAC57143C49FA0009A893 /* CalculatorBrain.m */,
				B46FAC58143C4AD70009A893 /* CalculatorViewController.h */,
				B46FAC59143C4AD70009A893 /* CalculatorViewController.m */,
			);
			sourceTree = "<group>";
		};
/* End PBXGroup section */

/* Begin PBXProject section */
		B46FAC4F143C49990009A893 /* Project object */ = {
			isa = PBXProject;
			buildConfigurationList = B46FAC52143C49990009A893 /* Build configuration list for PBXProject "TestCalculator" */;
			compatibilityVersion = "Xcode 3.2";
			developmentRegion = English;
			hasScannedForEncodings = 0;
			knownRegions = (
				en,
			);
			mainGroup = B46FAC4D143C49990009A893;
			projectDirPath = "";
			projectRoot = "";
			targets = (
			);
		};
/* End PBXProject section */

/* Begin XCBuildConfiguration section */
		B46FAC54143C499A0009A893 /* Debug */ = {
			isa = XCBuildConfiguration;
			buildSettings = {
			};
			name = Debug;
		};
		B46FAC55143C499A0009A893 /* Release */ = {
			isa = XCBuildConfiguration;
			buildSettings = {
			};
			name = Release;
		};
/* End XCBuildConfiguration section */

/* Begin XCConfigurationList section */
		B46FAC52143C49990009A893 /* Build configuration list for PBXProject "TestCalculator" */ = {
			isa = XCConfigurationList;
			buildConfigurations = (
				B46FAC54143C499A0009A893 /* Debug */,
				B46FAC55143C499A0009A893 /* Release */,
			);
			defaultConfigurationIsVisible = 0;
			defaultConfigurationName = Release;
		};
/* End XCConfigurationList section */
	};
	rootObject = B46FAC4F143C49990009A893 /* Project object */;
}
